
Microsoft Visual Studio Solution File, Format Version 12.00
# Visual Studio Version 17
VisualStudioVersion = 17.7.34221.43
MinimumVisualStudioVersion = 10.0.40219.1
Project("{FAE04EC0-301F-11D3-BF4B-00C04F79EFBC}") = "SolarioPlaceConverter", "SolarioPlaceConverter\SolarioPlaceConverter.csproj", "{FC3FF4F2-CEEC-4672-B378-AC8C305284E5}"
EndProject
Global
	GlobalSection(SolutionConfigurationPlatforms) = preSolution
		Debug|Any CPU = Debug|Any CPU
		Release|Any CPU = Release|Any CPU
	EndGlobalSection
	GlobalSection(ProjectConfigurationPlatforms) = postSolution
		{FC3FF4F2-CEEC-4672-B378-AC8C305284E5}.Debug|Any CPU.ActiveCfg = Debug|Any CPU
		{FC3FF4F2-CEEC-4672-B378-AC8C305284E5}.Debug|Any CPU.Build.0 = Debug|Any CPU
		{FC3FF4F2-CEEC-4672-B378-AC8C305284E5}.Release|Any CPU.ActiveCfg = Release|Any CPU
		{FC3FF4F2-CEEC-4672-B378-AC8C305284E5}.Release|Any CPU.Build.0 = Release|Any CPU
	EndGlobalSection
	GlobalSection(SolutionProperties) = preSolution
		HideSolutionNode = FALSE
	EndGlobalSection
	GlobalSection(ExtensibilityGlobals) = postSolution
		SolutionGuid = {E1328E67-5493-4A57-A7CC-72445984D0BE}
	EndGlobalSection
EndGlobal
